
Microsoft Visual Studio Solution File, Format Version 12.00
# Visual Studio Version 16
VisualStudioVersion = 16.0.32630.194
MinimumVisualStudioVersion = 10.0.40219.1
Project("{FAE04EC0-301F-11D3-BF4B-00C04F79EFBC}") = "Stera", "Stera\Stera.csproj", "{BA7B0E56-B9BE-4AB9-9089-1BE9DCCB8AE1}"
EndProject
Global
	GlobalSection(SolutionConfigurationPlatforms) = preSolution
		Debug|Any CPU = Debug|Any CPU
		Release|Any CPU = Release|Any CPU
	EndGlobalSection
	GlobalSection(ProjectConfigurationPlatforms) = postSolution
		{BA7B0E56-B9BE-4AB9-9089-1BE9DCCB8AE1}.Debug|Any CPU.ActiveCfg = Debug|Any CPU
		{BA7B0E56-B9BE-4AB9-9089-1BE9DCCB8AE1}.Debug|Any CPU.Build.0 = Debug|Any CPU
		{BA7B0E56-B9BE-4AB9-9089-1BE9DCCB8AE1}.Release|Any CPU.ActiveCfg = Release|Any CPU
		{BA7B0E56-B9BE-4AB9-9089-1BE9DCCB8AE1}.Release|Any CPU.Build.0 = Release|Any CPU
	EndGlobalSection
	GlobalSection(SolutionProperties) = preSolution
		HideSolutionNode = FALSE
	EndGlobalSection
	GlobalSection(ExtensibilityGlobals) = postSolution
		SolutionGuid = {37C25DB5-BD46-4770-868F-0B95B179252E}
	EndGlobalSection
EndGlobal
